
Microsoft Visual Studio Solution File, Format Version 12.00
# Visual Studio Version 16
VisualStudioVersion = 16.0.29709.97
MinimumVisualStudioVersion = 10.0.40219.1
Project("{FAE04EC0-301F-11D3-BF4B-00C04F79EFBC}") = "HotelReg", "HotelReg\HotelReg.csproj", "{0D2727E3-2BA2-4575-BAEC-214E61DCF696}"
EndProject
Global
	GlobalSection(SolutionConfigurationPlatforms) = preSolution
		Debug|Any CPU = Debug|Any CPU
		Release|Any CPU = Release|Any CPU
	EndGlobalSection
	GlobalSection(ProjectConfigurationPlatforms) = postSolution
		{0D2727E3-2BA2-4575-BAEC-214E61DCF696}.Debug|Any CPU.ActiveCfg = Debug|Any CPU
		{0D2727E3-2BA2-4575-BAEC-214E61DCF696}.Debug|Any CPU.Build.0 = Debug|Any CPU
		{0D2727E3-2BA2-4575-BAEC-214E61DCF696}.Release|Any CPU.ActiveCfg = Release|Any CPU
		{0D2727E3-2BA2-4575-BAEC-214E61DCF696}.Release|Any CPU.Build.0 = Release|Any CPU
	EndGlobalSection
	GlobalSection(SolutionProperties) = preSolution
		HideSolutionNode = FALSE
	EndGlobalSection
	GlobalSection(ExtensibilityGlobals) = postSolution
		SolutionGuid = {CC258A43-AFB3-466C-93BD-45047E0E8534}
	EndGlobalSection
EndGlobal
